
Microsoft Visual Studio Solution File, Format Version 12.00
# Visual Studio Version 16
VisualStudioVersion = 16.0.30717.126
MinimumVisualStudioVersion = 10.0.40219.1
Project("{9A19103F-16F7-4668-BE54-9A1E7A4F7556}") = "UnitConverterLibrary", "UnitConverterLibrary.csproj", "{02EF120F-EDB8-4933-9376-C3D4CB04F06A}"
EndProject
Project("{9A19103F-16F7-4668-BE54-9A1E7A4F7556}") = "UnitConverterTests", "..\UnitConverterTests\UnitConverterTests.csproj", "{726CF73E-581B-4B23-AE58-38D0FE1CCCC9}"
EndProject
Project("{FAE04EC0-301F-11D3-BF4B-00C04F79EFBC}") = "UnitConverterApp", "..\UnitConverterApp\UnitConverterApp.csproj", "{C320F33D-BA2A-41D0-AE4D-74FFB72E2507}"
EndProject
Global
	GlobalSection(SolutionConfigurationPlatforms) = preSolution
		Debug|Any CPU = Debug|Any CPU
		Release|Any CPU = Release|Any CPU
	EndGlobalSection
	GlobalSection(ProjectConfigurationPlatforms) = postSolution
		{02EF120F-EDB8-4933-9376-C3D4CB04F06A}.Debug|Any CPU.ActiveCfg = Debug|Any CPU
		{02EF120F-EDB8-4933-9376-C3D4CB04F06A}.Debug|Any CPU.Build.0 = Debug|Any CPU
		{02EF120F-EDB8-4933-9376-C3D4CB04F06A}.Release|Any CPU.ActiveCfg = Release|Any CPU
		{02EF120F-EDB8-4933-9376-C3D4CB04F06A}.Release|Any CPU.Build.0 = Release|Any CPU
		{726CF73E-581B-4B23-AE58-38D0FE1CCCC9}.Debug|Any CPU.ActiveCfg = Debug|Any CPU
		{726CF73E-581B-4B23-AE58-38D0FE1CCCC9}.Debug|Any CPU.Build.0 = Debug|Any CPU
		{726CF73E-581B-4B23-AE58-38D0FE1CCCC9}.Release|Any CPU.ActiveCfg = Release|Any CPU
		{726CF73E-581B-4B23-AE58-38D0FE1CCCC9}.Release|Any CPU.Build.0 = Release|Any CPU
		{C320F33D-BA2A-41D0-AE4D-74FFB72E2507}.Debug|Any CPU.ActiveCfg = Debug|Any CPU
		{C320F33D-BA2A-41D0-AE4D-74FFB72E2507}.Debug|Any CPU.Build.0 = Debug|Any CPU
		{C320F33D-BA2A-41D0-AE4D-74FFB72E2507}.Release|Any CPU.ActiveCfg = Release|Any CPU
		{C320F33D-BA2A-41D0-AE4D-74FFB72E2507}.Release|Any CPU.Build.0 = Release|Any CPU
	EndGlobalSection
	GlobalSection(SolutionProperties) = preSolution
		HideSolutionNode = FALSE
	EndGlobalSection
	GlobalSection(ExtensibilityGlobals) = postSolution
		SolutionGuid = {212E3190-2C41-4EE7-9808-5C07FF941F2C}
	EndGlobalSection
EndGlobal
